
Microsoft Visual Studio Solution File, Format Version 12.00
# Visual Studio Version 16
VisualStudioVersion = 16.0.31702.278
MinimumVisualStudioVersion = 10.0.40219.1
Project("{FAE04EC0-301F-11D3-BF4B-00C04F79EFBC}") = "GroupsAndStudents", "GroupsAndStudents.csproj", "{B2E2F83F-F3E3-4094-A03C-63E0B63233B7}"
EndProject
Global
	GlobalSection(SolutionConfigurationPlatforms) = preSolution
		Debug|Any CPU = Debug|Any CPU
		Release|Any CPU = Release|Any CPU
	EndGlobalSection
	GlobalSection(ProjectConfigurationPlatforms) = postSolution
		{B2E2F83F-F3E3-4094-A03C-63E0B63233B7}.Debug|Any CPU.ActiveCfg = Debug|Any CPU
		{B2E2F83F-F3E3-4094-A03C-63E0B63233B7}.Debug|Any CPU.Build.0 = Debug|Any CPU
		{B2E2F83F-F3E3-4094-A03C-63E0B63233B7}.Release|Any CPU.ActiveCfg = Release|Any CPU
		{B2E2F83F-F3E3-4094-A03C-63E0B63233B7}.Release|Any CPU.Build.0 = Release|Any CPU
	EndGlobalSection
	GlobalSection(SolutionProperties) = preSolution
		HideSolutionNode = FALSE
	EndGlobalSection
	GlobalSection(ExtensibilityGlobals) = postSolution
		SolutionGuid = {20C0D6D8-7A56-4864-9F78-223B2DB4BDBD}
	EndGlobalSection
EndGlobal
